
Microsoft Visual Studio Solution File, Format Version 12.00
# Visual Studio Version 16
VisualStudioVersion = 16.0.31424.327
MinimumVisualStudioVersion = 10.0.40219.1
Project("{FAE04EC0-301F-11D3-BF4B-00C04F79EFBC}") = "MobileStore", "MobileStore\MobileStore.csproj", "{959CF96F-2869-4FA3-8C9A-55897784D40F}"
EndProject
Global
	GlobalSection(SolutionConfigurationPlatforms) = preSolution
		Debug|Any CPU = Debug|Any CPU
		Release|Any CPU = Release|Any CPU
	EndGlobalSection
	GlobalSection(ProjectConfigurationPlatforms) = postSolution
		{959CF96F-2869-4FA3-8C9A-55897784D40F}.Debug|Any CPU.ActiveCfg = Debug|Any CPU
		{959CF96F-2869-4FA3-8C9A-55897784D40F}.Debug|Any CPU.Build.0 = Debug|Any CPU
		{959CF96F-2869-4FA3-8C9A-55897784D40F}.Release|Any CPU.ActiveCfg = Release|Any CPU
		{959CF96F-2869-4FA3-8C9A-55897784D40F}.Release|Any CPU.Build.0 = Release|Any CPU
	EndGlobalSection
	GlobalSection(SolutionProperties) = preSolution
		HideSolutionNode = FALSE
	EndGlobalSection
	GlobalSection(ExtensibilityGlobals) = postSolution
		SolutionGuid = {601CB899-9B27-4A9A-ABBC-D6F7F1E56169}
	EndGlobalSection
EndGlobal
